
Microsoft Visual Studio Solution File, Format Version 12.00
# Visual Studio Version 16
VisualStudioVersion = 16.0.30204.135
MinimumVisualStudioVersion = 10.0.40219.1
Project("{8BC9CEB8-8B4A-11D0-8D11-00A0C91BC942}") = "application", "application\application.vcxproj", "{03998E94-D4C9-4B2C-945D-7273A5BC8E36}"
	ProjectSection(ProjectDependencies) = postProject
		{DA6D47FE-EF07-4250-9A87-03FA531C8F74} = {DA6D47FE-EF07-4250-9A87-03FA531C8F74}
	EndProjectSection
EndProject
Project("{8BC9CEB8-8B4A-11D0-8D11-00A0C91BC942}") = "libquat", "libquat\libquat.vcxproj", "{DA6D47FE-EF07-4250-9A87-03FA531C8F74}"
EndProject
Project("{8BC9CEB8-8B4A-11D0-8D11-00A0C91BC942}") = "UnitTest", "UnitTest\UnitTest.vcxproj", "{34621821-2F65-49DB-8A1B-0F430F973B9B}"
	ProjectSection(ProjectDependencies) = postProject
		{DA6D47FE-EF07-4250-9A87-03FA531C8F74} = {DA6D47FE-EF07-4250-9A87-03FA531C8F74}
	EndProjectSection
EndProject
Project("{2150E333-8FDC-42A3-9474-1A3956D46DE8}") = "include", "include", "{3B785D99-E143-456F-8B0C-91C6BEA864F5}"
	ProjectSection(SolutionItems) = preProject
		include\libquat.h = include\libquat.h
	EndProjectSection
EndProject
Global
	GlobalSection(SolutionConfigurationPlatforms) = preSolution
		Debug|x64 = Debug|x64
		Debug|x86 = Debug|x86
		Release|x64 = Release|x64
		Release|x86 = Release|x86
	EndGlobalSection
	GlobalSection(ProjectConfigurationPlatforms) = postSolution
		{03998E94-D4C9-4B2C-945D-7273A5BC8E36}.Debug|x64.ActiveCfg = Debug|x64
		{03998E94-D4C9-4B2C-945D-7273A5BC8E36}.Debug|x64.Build.0 = Debug|x64
		{03998E94-D4C9-4B2C-945D-7273A5BC8E36}.Debug|x86.ActiveCfg = Debug|x64
		{03998E94-D4C9-4B2C-945D-7273A5BC8E36}.Debug|x86.Build.0 = Debug|x64
		{03998E94-D4C9-4B2C-945D-7273A5BC8E36}.Release|x64.ActiveCfg = Release|x64
		{03998E94-D4C9-4B2C-945D-7273A5BC8E36}.Release|x64.Build.0 = Release|x64
		{03998E94-D4C9-4B2C-945D-7273A5BC8E36}.Release|x86.ActiveCfg = Debug|x64
		{03998E94-D4C9-4B2C-945D-7273A5BC8E36}.Release|x86.Build.0 = Debug|x64
		{DA6D47FE-EF07-4250-9A87-03FA531C8F74}.Debug|x64.ActiveCfg = Debug|x64
		{DA6D47FE-EF07-4250-9A87-03FA531C8F74}.Debug|x64.Build.0 = Debug|x64
		{DA6D47FE-EF07-4250-9A87-03FA531C8F74}.Debug|x86.ActiveCfg = Debug|x64
		{DA6D47FE-EF07-4250-9A87-03FA531C8F74}.Debug|x86.Build.0 = Debug|x64
		{DA6D47FE-EF07-4250-9A87-03FA531C8F74}.Release|x64.ActiveCfg = Release|x64
		{DA6D47FE-EF07-4250-9A87-03FA531C8F74}.Release|x64.Build.0 = Release|x64
		{DA6D47FE-EF07-4250-9A87-03FA531C8F74}.Release|x86.ActiveCfg = Debug|x64
		{DA6D47FE-EF07-4250-9A87-03FA531C8F74}.Release|x86.Build.0 = Debug|x64
		{34621821-2F65-49DB-8A1B-0F430F973B9B}.Debug|x64.ActiveCfg = Debug|x64
		{34621821-2F65-49DB-8A1B-0F430F973B9B}.Debug|x64.Build.0 = Debug|x64
		{34621821-2F65-49DB-8A1B-0F430F973B9B}.Debug|x86.ActiveCfg = Debug|x64
		{34621821-2F65-49DB-8A1B-0F430F973B9B}.Debug|x86.Build.0 = Debug|x64
		{34621821-2F65-49DB-8A1B-0F430F973B9B}.Release|x64.ActiveCfg = Release|x64
		{34621821-2F65-49DB-8A1B-0F430F973B9B}.Release|x64.Build.0 = Release|x64
		{34621821-2F65-49DB-8A1B-0F430F973B9B}.Release|x86.ActiveCfg = Debug|x64
		{34621821-2F65-49DB-8A1B-0F430F973B9B}.Release|x86.Build.0 = Debug|x64
	EndGlobalSection
	GlobalSection(SolutionProperties) = preSolution
		HideSolutionNode = FALSE
	EndGlobalSection
	GlobalSection(ExtensibilityGlobals) = postSolution
		SolutionGuid = {84C265C2-6DA6-4126-8E02-0A189CE6159E}
	EndGlobalSection
EndGlobal
